
Microsoft Visual Studio Solution File, Format Version 12.00
# Visual Studio 15
Project("{FAE04EC0-301F-11D3-BF4B-00C04F79EFBC}") = "FormsDemo.Android", "FormsDemo.Android\FormsDemo.Android.csproj", "{8B15EF76-CB13-4631-9E76-DEC576A08694}"
EndProject
Project("{FAE04EC0-301F-11D3-BF4B-00C04F79EFBC}") = "FormsDemo.iOS", "FormsDemo.iOS\FormsDemo.iOS.csproj", "{0AE6B609-C4F5-4CFA-BF66-CBA4F0536118}"
EndProject
Project("{FAE04EC0-301F-11D3-BF4B-00C04F79EFBC}") = "FormsDemo", "FormsDemo\FormsDemo.csproj", "{9CA0D4D4-CFFA-453B-AD23-67508BD89CA7}"
EndProject
Global
	GlobalSection(SolutionConfigurationPlatforms) = preSolution
		Debug|Any CPU = Debug|Any CPU
		Release|Any CPU = Release|Any CPU
		Debug|iPhoneSimulator = Debug|iPhoneSimulator
		Release|iPhoneSimulator = Release|iPhoneSimulator
		Debug|iPhone = Debug|iPhone
		Release|iPhone = Release|iPhone
		Ad-Hoc|iPhone = Ad-Hoc|iPhone
		AppStore|iPhone = AppStore|iPhone
	EndGlobalSection
	GlobalSection(ProjectConfigurationPlatforms) = postSolution
		{8B15EF76-CB13-4631-9E76-DEC576A08694}.Debug|Any CPU.ActiveCfg = Debug|Any CPU
		{8B15EF76-CB13-4631-9E76-DEC576A08694}.Debug|Any CPU.Build.0 = Debug|Any CPU
		{8B15EF76-CB13-4631-9E76-DEC576A08694}.Release|Any CPU.ActiveCfg = Release|Any CPU
		{8B15EF76-CB13-4631-9E76-DEC576A08694}.Release|Any CPU.Build.0 = Release|Any CPU
		{8B15EF76-CB13-4631-9E76-DEC576A08694}.Debug|iPhoneSimulator.ActiveCfg = Debug|Any CPU
		{8B15EF76-CB13-4631-9E76-DEC576A08694}.Debug|iPhoneSimulator.Build.0 = Debug|Any CPU
		{8B15EF76-CB13-4631-9E76-DEC576A08694}.Release|iPhoneSimulator.ActiveCfg = Release|Any CPU
		{8B15EF76-CB13-4631-9E76-DEC576A08694}.Release|iPhoneSimulator.Build.0 = Release|Any CPU
		{8B15EF76-CB13-4631-9E76-DEC576A08694}.Debug|iPhone.ActiveCfg = Debug|Any CPU
		{8B15EF76-CB13-4631-9E76-DEC576A08694}.Debug|iPhone.Build.0 = Debug|Any CPU
		{8B15EF76-CB13-4631-9E76-DEC576A08694}.Release|iPhone.ActiveCfg = Release|Any CPU
		{8B15EF76-CB13-4631-9E76-DEC576A08694}.Release|iPhone.Build.0 = Release|Any CPU
		{8B15EF76-CB13-4631-9E76-DEC576A08694}.Ad-Hoc|iPhone.ActiveCfg = Debug|Any CPU
		{8B15EF76-CB13-4631-9E76-DEC576A08694}.Ad-Hoc|iPhone.Build.0 = Debug|Any CPU
		{8B15EF76-CB13-4631-9E76-DEC576A08694}.AppStore|iPhone.ActiveCfg = Debug|Any CPU
		{8B15EF76-CB13-4631-9E76-DEC576A08694}.AppStore|iPhone.Build.0 = Debug|Any CPU
		{0AE6B609-C4F5-4CFA-BF66-CBA4F0536118}.Debug|Any CPU.ActiveCfg = Debug|iPhoneSimulator
		{0AE6B609-C4F5-4CFA-BF66-CBA4F0536118}.Debug|Any CPU.Build.0 = Debug|iPhoneSimulator
		{0AE6B609-C4F5-4CFA-BF66-CBA4F0536118}.Release|Any CPU.ActiveCfg = Release|iPhoneSimulator
		{0AE6B609-C4F5-4CFA-BF66-CBA4F0536118}.Release|Any CPU.Build.0 = Release|iPhoneSimulator
		{0AE6B609-C4F5-4CFA-BF66-CBA4F0536118}.Debug|iPhoneSimulator.ActiveCfg = Debug|iPhoneSimulator
		{0AE6B609-C4F5-4CFA-BF66-CBA4F0536118}.Debug|iPhoneSimulator.Build.0 = Debug|iPhoneSimulator
		{0AE6B609-C4F5-4CFA-BF66-CBA4F0536118}.Release|iPhoneSimulator.ActiveCfg = Release|iPhoneSimulator
		{0AE6B609-C4F5-4CFA-BF66-CBA4F0536118}.Release|iPhoneSimulator.Build.0 = Release|iPhoneSimulator
		{0AE6B609-C4F5-4CFA-BF66-CBA4F0536118}.Debug|iPhone.ActiveCfg = Debug|iPhone
		{0AE6B609-C4F5-4CFA-BF66-CBA4F0536118}.Debug|iPhone.Build.0 = Debug|iPhone
		{0AE6B609-C4F5-4CFA-BF66-CBA4F0536118}.Release|iPhone.ActiveCfg = Release|iPhone
		{0AE6B609-C4F5-4CFA-BF66-CBA4F0536118}.Release|iPhone.Build.0 = Release|iPhone
		{0AE6B609-C4F5-4CFA-BF66-CBA4F0536118}.Ad-Hoc|iPhone.ActiveCfg = Ad-Hoc|iPhone
		{0AE6B609-C4F5-4CFA-BF66-CBA4F0536118}.Ad-Hoc|iPhone.Build.0 = Ad-Hoc|iPhone
		{0AE6B609-C4F5-4CFA-BF66-CBA4F0536118}.AppStore|iPhone.ActiveCfg = AppStore|iPhone
		{0AE6B609-C4F5-4CFA-BF66-CBA4F0536118}.AppStore|iPhone.Build.0 = AppStore|iPhone
		{9CA0D4D4-CFFA-453B-AD23-67508BD89CA7}.Debug|Any CPU.ActiveCfg = Debug|Any CPU
		{9CA0D4D4-CFFA-453B-AD23-67508BD89CA7}.Debug|Any CPU.Build.0 = Debug|Any CPU
		{9CA0D4D4-CFFA-453B-AD23-67508BD89CA7}.Release|Any CPU.ActiveCfg = Release|Any CPU
		{9CA0D4D4-CFFA-453B-AD23-67508BD89CA7}.Release|Any CPU.Build.0 = Release|Any CPU
		{9CA0D4D4-CFFA-453B-AD23-67508BD89CA7}.Debug|iPhoneSimulator.ActiveCfg = Debug|Any CPU
		{9CA0D4D4-CFFA-453B-AD23-67508BD89CA7}.Debug|iPhoneSimulator.Build.0 = Debug|Any CPU
		{9CA0D4D4-CFFA-453B-AD23-67508BD89CA7}.Release|iPhoneSimulator.ActiveCfg = Release|Any CPU
		{9CA0D4D4-CFFA-453B-AD23-67508BD89CA7}.Release|iPhoneSimulator.Build.0 = Release|Any CPU
		{9CA0D4D4-CFFA-453B-AD23-67508BD89CA7}.Debug|iPhone.ActiveCfg = Debug|Any CPU
		{9CA0D4D4-CFFA-453B-AD23-67508BD89CA7}.Debug|iPhone.Build.0 = Debug|Any CPU
		{9CA0D4D4-CFFA-453B-AD23-67508BD89CA7}.Release|iPhone.ActiveCfg = Release|Any CPU
		{9CA0D4D4-CFFA-453B-AD23-67508BD89CA7}.Release|iPhone.Build.0 = Release|Any CPU
		{9CA0D4D4-CFFA-453B-AD23-67508BD89CA7}.Ad-Hoc|iPhone.ActiveCfg = Debug|Any CPU
		{9CA0D4D4-CFFA-453B-AD23-67508BD89CA7}.Ad-Hoc|iPhone.Build.0 = Debug|Any CPU
		{9CA0D4D4-CFFA-453B-AD23-67508BD89CA7}.AppStore|iPhone.ActiveCfg = Debug|Any CPU
		{9CA0D4D4-CFFA-453B-AD23-67508BD89CA7}.AppStore|iPhone.Build.0 = Debug|Any CPU
	EndGlobalSection
EndGlobal
